// !$*UTF8*$!
{
	archiveVersion = 1;
	classes = {
	};
	objectVersion = 56;
	objects = {

/* Begin PBXBuildFile section */
		4808F5692A9F66BF008F9216 /* ContatosList.swift in Sources */ = {isa = PBXBuildFile; fileRef = 4808F5682A9F66BF008F9216 /* ContatosList.swift */; };
		4808F56B2A9F85E7008F9216 /* PDFTest.swift in Sources */ = {isa = PBXBuildFile; fileRef = 4808F56A2A9F85E7008F9216 /* PDFTest.swift */; };
		48DAD5F12AA21A01004C02A8 /* AddContatosView.swift in Sources */ = {isa = PBXBuildFile; fileRef = 48DAD5F02AA21A01004C02A8 /* AddContatosView.swift */; };
		574F44C82A9F7DE400DD6478 /* AddBoletimView.swift in Sources */ = {isa = PBXBuildFile; fileRef = 574F44C72A9F7DE400DD6478 /* AddBoletimView.swift */; };
		5760684D2A9E228E00E2F379 /* DetalheBoletimView.swift in Sources */ = {isa = PBXBuildFile; fileRef = 5760684C2A9E228E00E2F379 /* DetalheBoletimView.swift */; };
		57754E122A9775B40047C2BE /* FichaView.swift in Sources */ = {isa = PBXBuildFile; fileRef = 57754E112A9775B40047C2BE /* FichaView.swift */; };
		57754E142A977FB70047C2BE /* PrivacidadeView.swift in Sources */ = {isa = PBXBuildFile; fileRef = 57754E132A977FB70047C2BE /* PrivacidadeView.swift */; };
		57A47BC72A94D5090062AE7C /* perseusApp.swift in Sources */ = {isa = PBXBuildFile; fileRef = 57A47BC62A94D5090062AE7C /* perseusApp.swift */; };
		57A47BC92A94D5090062AE7C /* ContentView.swift in Sources */ = {isa = PBXBuildFile; fileRef = 57A47BC82A94D5090062AE7C /* ContentView.swift */; };
		57A47BCB2A94D50A0062AE7C /* Assets.xcassets in Resources */ = {isa = PBXBuildFile; fileRef = 57A47BCA2A94D50A0062AE7C /* Assets.xcassets */; };
		57A47BCE2A94D50A0062AE7C /* Preview Assets.xcassets in Resources */ = {isa = PBXBuildFile; fileRef = 57A47BCD2A94D50A0062AE7C /* Preview Assets.xcassets */; };
		57A47BD02A94D50A0062AE7C /* Persistence.swift in Sources */ = {isa = PBXBuildFile; fileRef = 57A47BCF2A94D50A0062AE7C /* Persistence.swift */; };
		57A47BD32A94D50A0062AE7C /* perseus.xcdatamodeld in Sources */ = {isa = PBXBuildFile; fileRef = 57A47BD12A94D50A0062AE7C /* perseus.xcdatamodeld */; };
		57A812272A94E19500642DF3 /* BoletinsView.swift in Sources */ = {isa = PBXBuildFile; fileRef = 57A812262A94E19500642DF3 /* BoletinsView.swift */; };
		57A812292A94E1AD00642DF3 /* MedicamentosView.swift in Sources */ = {isa = PBXBuildFile; fileRef = 57A812282A94E1AD00642DF3 /* MedicamentosView.swift */; };
		57A8122B2A94E1B900642DF3 /* DadosView.swift in Sources */ = {isa = PBXBuildFile; fileRef = 57A8122A2A94E1B900642DF3 /* DadosView.swift */; };
		57E3B8392A98D82B003EAAA6 /* GlobalData.swift in Sources */ = {isa = PBXBuildFile; fileRef = 57E3B8382A98D82B003EAAA6 /* GlobalData.swift */; };
		ECC5B4062A97A6E400594CE2 /* FichaService.swift in Sources */ = {isa = PBXBuildFile; fileRef = ECC5B4052A97A6E400594CE2 /* FichaService.swift */; };
		ECC5B40D2A9E1CDA00594CE2 /* BoletimService.swift in Sources */ = {isa = PBXBuildFile; fileRef = ECC5B40C2A9E1CDA00594CE2 /* BoletimService.swift */; };
		ECC5B4202A9E25F100594CE2 /* Dores+CoreDataClass.swift in Sources */ = {isa = PBXBuildFile; fileRef = ECC5B40E2A9E25F100594CE2 /* Dores+CoreDataClass.swift */; };
		ECC5B4212A9E25F100594CE2 /* Dores+CoreDataProperties.swift in Sources */ = {isa = PBXBuildFile; fileRef = ECC5B40F2A9E25F100594CE2 /* Dores+CoreDataProperties.swift */; };
		ECC5B4222A9E25F100594CE2 /* Pressao+CoreDataClass.swift in Sources */ = {isa = PBXBuildFile; fileRef = ECC5B4102A9E25F100594CE2 /* Pressao+CoreDataClass.swift */; };
		ECC5B4232A9E25F100594CE2 /* Pressao+CoreDataProperties.swift in Sources */ = {isa = PBXBuildFile; fileRef = ECC5B4112A9E25F100594CE2 /* Pressao+CoreDataProperties.swift */; };
		ECC5B4242A9E25F100594CE2 /* Peso+CoreDataClass.swift in Sources */ = {isa = PBXBuildFile; fileRef = ECC5B4122A9E25F100594CE2 /* Peso+CoreDataClass.swift */; };
		ECC5B4252A9E25F100594CE2 /* Peso+CoreDataProperties.swift in Sources */ = {isa = PBXBuildFile; fileRef = ECC5B4132A9E25F100594CE2 /* Peso+CoreDataProperties.swift */; };
		ECC5B4262A9E25F100594CE2 /* Idoso+CoreDataClass.swift in Sources */ = {isa = PBXBuildFile; fileRef = ECC5B4142A9E25F100594CE2 /* Idoso+CoreDataClass.swift */; };
		ECC5B4272A9E25F100594CE2 /* Idoso+CoreDataProperties.swift in Sources */ = {isa = PBXBuildFile; fileRef = ECC5B4152A9E25F100594CE2 /* Idoso+CoreDataProperties.swift */; };
		ECC5B4282A9E25F100594CE2 /* Ficha+CoreDataClass.swift in Sources */ = {isa = PBXBuildFile; fileRef = ECC5B4162A9E25F100594CE2 /* Ficha+CoreDataClass.swift */; };
		ECC5B4292A9E25F100594CE2 /* Ficha+CoreDataProperties.swift in Sources */ = {isa = PBXBuildFile; fileRef = ECC5B4172A9E25F100594CE2 /* Ficha+CoreDataProperties.swift */; };
		ECC5B42A2A9E25F100594CE2 /* Lucidez+CoreDataClass.swift in Sources */ = {isa = PBXBuildFile; fileRef = ECC5B4182A9E25F100594CE2 /* Lucidez+CoreDataClass.swift */; };
		ECC5B42B2A9E25F100594CE2 /* Lucidez+CoreDataProperties.swift in Sources */ = {isa = PBXBuildFile; fileRef = ECC5B4192A9E25F100594CE2 /* Lucidez+CoreDataProperties.swift */; };
		ECC5B42C2A9E25F100594CE2 /* Humor+CoreDataClass.swift in Sources */ = {isa = PBXBuildFile; fileRef = ECC5B41A2A9E25F100594CE2 /* Humor+CoreDataClass.swift */; };
		ECC5B42D2A9E25F100594CE2 /* Humor+CoreDataProperties.swift in Sources */ = {isa = PBXBuildFile; fileRef = ECC5B41B2A9E25F100594CE2 /* Humor+CoreDataProperties.swift */; };
		ECC5B42E2A9E25F100594CE2 /* Glicemia+CoreDataClass.swift in Sources */ = {isa = PBXBuildFile; fileRef = ECC5B41C2A9E25F100594CE2 /* Glicemia+CoreDataClass.swift */; };
		ECC5B42F2A9E25F100594CE2 /* Glicemia+CoreDataProperties.swift in Sources */ = {isa = PBXBuildFile; fileRef = ECC5B41D2A9E25F100594CE2 /* Glicemia+CoreDataProperties.swift */; };
		ECC5B4302A9E25F100594CE2 /* Temperatura+CoreDataClass.swift in Sources */ = {isa = PBXBuildFile; fileRef = ECC5B41E2A9E25F100594CE2 /* Temperatura+CoreDataClass.swift */; };
		ECC5B4312A9E25F100594CE2 /* Temperatura+CoreDataProperties.swift in Sources */ = {isa = PBXBuildFile; fileRef = ECC5B41F2A9E25F100594CE2 /* Temperatura+CoreDataProperties.swift */; };
		ECC5B4352A9F672C00594CE2 /* Medicamento+CoreDataClass.swift in Sources */ = {isa = PBXBuildFile; fileRef = ECC5B4332A9F672C00594CE2 /* Medicamento+CoreDataClass.swift */; };
		ECC5B4362A9F672C00594CE2 /* Medicamento+CoreDataProperties.swift in Sources */ = {isa = PBXBuildFile; fileRef = ECC5B4342A9F672C00594CE2 /* Medicamento+CoreDataProperties.swift */; };
		ECC5B4382A9F684B00594CE2 /* MedicamentoService.swift in Sources */ = {isa = PBXBuildFile; fileRef = ECC5B4372A9F684B00594CE2 /* MedicamentoService.swift */; };
		ECC5B43B2A9F702500594CE2 /* Contato+CoreDataClass.swift in Sources */ = {isa = PBXBuildFile; fileRef = ECC5B4392A9F702500594CE2 /* Contato+CoreDataClass.swift */; };
		ECC5B43C2A9F702500594CE2 /* Contato+CoreDataProperties.swift in Sources */ = {isa = PBXBuildFile; fileRef = ECC5B43A2A9F702500594CE2 /* Contato+CoreDataProperties.swift */; };
		ECC5B43E2A9F70BF00594CE2 /* ContatoService.swift in Sources */ = {isa = PBXBuildFile; fileRef = ECC5B43D2A9F70BF00594CE2 /* ContatoService.swift */; };
		F2F9AD022A963D6C00BC8F84 /* OnboardingAView.swift in Sources */ = {isa = PBXBuildFile; fileRef = F2F9AD012A963D6C00BC8F84 /* OnboardingAView.swift */; };
		F2F9AD092A97A44400BC8F84 /* OnboardingBView.swift in Sources */ = {isa = PBXBuildFile; fileRef = F2F9AD082A97A44400BC8F84 /* OnboardingBView.swift */; };
/* End PBXBuildFile section */

/* Begin PBXFileReference section */
		4808F5682A9F66BF008F9216 /* ContatosList.swift */ = {isa = PBXFileReference; lastKnownFileType = sourcecode.swift; path = ContatosList.swift; sourceTree = "<group>"; };
		4808F56A2A9F85E7008F9216 /* PDFTest.swift */ = {isa = PBXFileReference; lastKnownFileType = sourcecode.swift; path = PDFTest.swift; sourceTree = "<group>"; };
		48DAD5F02AA21A01004C02A8 /* AddContatosView.swift */ = {isa = PBXFileReference; lastKnownFileType = sourcecode.swift; path = AddContatosView.swift; sourceTree = "<group>"; };
		574F44C72A9F7DE400DD6478 /* AddBoletimView.swift */ = {isa = PBXFileReference; lastKnownFileType = sourcecode.swift; path = AddBoletimView.swift; sourceTree = "<group>"; };
		5760684C2A9E228E00E2F379 /* DetalheBoletimView.swift */ = {isa = PBXFileReference; lastKnownFileType = sourcecode.swift; path = DetalheBoletimView.swift; sourceTree = "<group>"; };
		57754E112A9775B40047C2BE /* FichaView.swift */ = {isa = PBXFileReference; lastKnownFileType = sourcecode.swift; path = FichaView.swift; sourceTree = "<group>"; };
		57754E132A977FB70047C2BE /* PrivacidadeView.swift */ = {isa = PBXFileReference; lastKnownFileType = sourcecode.swift; path = PrivacidadeView.swift; sourceTree = "<group>"; };
		57A47BC32A94D5090062AE7C /* perseus.app */ = {isa = PBXFileReference; explicitFileType = wrapper.application; includeInIndex = 0; path = perseus.app; sourceTree = BUILT_PRODUCTS_DIR; };
		57A47BC62A94D5090062AE7C /* perseusApp.swift */ = {isa = PBXFileReference; lastKnownFileType = sourcecode.swift; path = perseusApp.swift; sourceTree = "<group>"; };
		57A47BC82A94D5090062AE7C /* ContentView.swift */ = {isa = PBXFileReference; lastKnownFileType = sourcecode.swift; path = ContentView.swift; sourceTree = "<group>"; };
		57A47BCA2A94D50A0062AE7C /* Assets.xcassets */ = {isa = PBXFileReference; lastKnownFileType = folder.assetcatalog; path = Assets.xcassets; sourceTree = "<group>"; };
		57A47BCD2A94D50A0062AE7C /* Preview Assets.xcassets */ = {isa = PBXFileReference; lastKnownFileType = folder.assetcatalog; path = "Preview Assets.xcassets"; sourceTree = "<group>"; };
		57A47BCF2A94D50A0062AE7C /* Persistence.swift */ = {isa = PBXFileReference; lastKnownFileType = sourcecode.swift; path = Persistence.swift; sourceTree = "<group>"; };
		57A47BD22A94D50A0062AE7C /* perseus.xcdatamodel */ = {isa = PBXFileReference; lastKnownFileType = wrapper.xcdatamodel; path = perseus.xcdatamodel; sourceTree = "<group>"; };
		57A812262A94E19500642DF3 /* BoletinsView.swift */ = {isa = PBXFileReference; lastKnownFileType = sourcecode.swift; path = BoletinsView.swift; sourceTree = "<group>"; };
		57A812282A94E1AD00642DF3 /* MedicamentosView.swift */ = {isa = PBXFileReference; lastKnownFileType = sourcecode.swift; path = MedicamentosView.swift; sourceTree = "<group>"; };
		57A8122A2A94E1B900642DF3 /* DadosView.swift */ = {isa = PBXFileReference; lastKnownFileType = sourcecode.swift; path = DadosView.swift; sourceTree = "<group>"; };
		57E3B8382A98D82B003EAAA6 /* GlobalData.swift */ = {isa = PBXFileReference; lastKnownFileType = sourcecode.swift; path = GlobalData.swift; sourceTree = "<group>"; };
		ECC5B4052A97A6E400594CE2 /* FichaService.swift */ = {isa = PBXFileReference; lastKnownFileType = sourcecode.swift; path = FichaService.swift; sourceTree = "<group>"; };
		ECC5B40C2A9E1CDA00594CE2 /* BoletimService.swift */ = {isa = PBXFileReference; lastKnownFileType = sourcecode.swift; path = BoletimService.swift; sourceTree = "<group>"; };
		ECC5B40E2A9E25F100594CE2 /* Dores+CoreDataClass.swift */ = {isa = PBXFileReference; lastKnownFileType = sourcecode.swift; path = "Dores+CoreDataClass.swift"; sourceTree = "<group>"; };
		ECC5B40F2A9E25F100594CE2 /* Dores+CoreDataProperties.swift */ = {isa = PBXFileReference; lastKnownFileType = sourcecode.swift; path = "Dores+CoreDataProperties.swift"; sourceTree = "<group>"; };
		ECC5B4102A9E25F100594CE2 /* Pressao+CoreDataClass.swift */ = {isa = PBXFileReference; lastKnownFileType = sourcecode.swift; path = "Pressao+CoreDataClass.swift"; sourceTree = "<group>"; };
		ECC5B4112A9E25F100594CE2 /* Pressao+CoreDataProperties.swift */ = {isa = PBXFileReference; lastKnownFileType = sourcecode.swift; path = "Pressao+CoreDataProperties.swift"; sourceTree = "<group>"; };
		ECC5B4122A9E25F100594CE2 /* Peso+CoreDataClass.swift */ = {isa = PBXFileReference; lastKnownFileType = sourcecode.swift; path = "Peso+CoreDataClass.swift"; sourceTree = "<group>"; };
		ECC5B4132A9E25F100594CE2 /* Peso+CoreDataProperties.swift */ = {isa = PBXFileReference; lastKnownFileType = sourcecode.swift; path = "Peso+CoreDataProperties.swift"; sourceTree = "<group>"; };
		ECC5B4142A9E25F100594CE2 /* Idoso+CoreDataClass.swift */ = {isa = PBXFileReference; lastKnownFileType = sourcecode.swift; path = "Idoso+CoreDataClass.swift"; sourceTree = "<group>"; };
		ECC5B4152A9E25F100594CE2 /* Idoso+CoreDataProperties.swift */ = {isa = PBXFileReference; lastKnownFileType = sourcecode.swift; path = "Idoso+CoreDataProperties.swift"; sourceTree = "<group>"; };
		ECC5B4162A9E25F100594CE2 /* Ficha+CoreDataClass.swift */ = {isa = PBXFileReference; lastKnownFileType = sourcecode.swift; path = "Ficha+CoreDataClass.swift"; sourceTree = "<group>"; };
		ECC5B4172A9E25F100594CE2 /* Ficha+CoreDataProperties.swift */ = {isa = PBXFileReference; lastKnownFileType = sourcecode.swift; path = "Ficha+CoreDataProperties.swift"; sourceTree = "<group>"; };
		ECC5B4182A9E25F100594CE2 /* Lucidez+CoreDataClass.swift */ = {isa = PBXFileReference; lastKnownFileType = sourcecode.swift; path = "Lucidez+CoreDataClass.swift"; sourceTree = "<group>"; };
		ECC5B4192A9E25F100594CE2 /* Lucidez+CoreDataProperties.swift */ = {isa = PBXFileReference; lastKnownFileType = sourcecode.swift; path = "Lucidez+CoreDataProperties.swift"; sourceTree = "<group>"; };
		ECC5B41A2A9E25F100594CE2 /* Humor+CoreDataClass.swift */ = {isa = PBXFileReference; lastKnownFileType = sourcecode.swift; path = "Humor+CoreDataClass.swift"; sourceTree = "<group>"; };
		ECC5B41B2A9E25F100594CE2 /* Humor+CoreDataProperties.swift */ = {isa = PBXFileReference; lastKnownFileType = sourcecode.swift; path = "Humor+CoreDataProperties.swift"; sourceTree = "<group>"; };
		ECC5B41C2A9E25F100594CE2 /* Glicemia+CoreDataClass.swift */ = {isa = PBXFileReference; lastKnownFileType = sourcecode.swift; path = "Glicemia+CoreDataClass.swift"; sourceTree = "<group>"; };
		ECC5B41D2A9E25F100594CE2 /* Glicemia+CoreDataProperties.swift */ = {isa = PBXFileReference; lastKnownFileType = sourcecode.swift; path = "Glicemia+CoreDataProperties.swift"; sourceTree = "<group>"; };
		ECC5B41E2A9E25F100594CE2 /* Temperatura+CoreDataClass.swift */ = {isa = PBXFileReference; lastKnownFileType = sourcecode.swift; path = "Temperatura+CoreDataClass.swift"; sourceTree = "<group>"; };
		ECC5B41F2A9E25F100594CE2 /* Temperatura+CoreDataProperties.swift */ = {isa = PBXFileReference; lastKnownFileType = sourcecode.swift; path = "Temperatura+CoreDataProperties.swift"; sourceTree = "<group>"; };
		ECC5B4332A9F672C00594CE2 /* Medicamento+CoreDataClass.swift */ = {isa = PBXFileReference; lastKnownFileType = sourcecode.swift; path = "Medicamento+CoreDataClass.swift"; sourceTree = "<group>"; };
		ECC5B4342A9F672C00594CE2 /* Medicamento+CoreDataProperties.swift */ = {isa = PBXFileReference; lastKnownFileType = sourcecode.swift; path = "Medicamento+CoreDataProperties.swift"; sourceTree = "<group>"; };
		ECC5B4372A9F684B00594CE2 /* MedicamentoService.swift */ = {isa = PBXFileReference; lastKnownFileType = sourcecode.swift; path = MedicamentoService.swift; sourceTree = "<group>"; };
		ECC5B4392A9F702500594CE2 /* Contato+CoreDataClass.swift */ = {isa = PBXFileReference; lastKnownFileType = sourcecode.swift; path = "Contato+CoreDataClass.swift"; sourceTree = "<group>"; };
		ECC5B43A2A9F702500594CE2 /* Contato+CoreDataProperties.swift */ = {isa = PBXFileReference; lastKnownFileType = sourcecode.swift; path = "Contato+CoreDataProperties.swift"; sourceTree = "<group>"; };
		ECC5B43D2A9F70BF00594CE2 /* ContatoService.swift */ = {isa = PBXFileReference; lastKnownFileType = sourcecode.swift; path = ContatoService.swift; sourceTree = "<group>"; };
		F2F9AD012A963D6C00BC8F84 /* OnboardingAView.swift */ = {isa = PBXFileReference; lastKnownFileType = sourcecode.swift; path = OnboardingAView.swift; sourceTree = "<group>"; };
		F2F9AD082A97A44400BC8F84 /* OnboardingBView.swift */ = {isa = PBXFileReference; lastKnownFileType = sourcecode.swift; path = OnboardingBView.swift; sourceTree = "<group>"; };
/* End PBXFileReference section */

/* Begin PBXFrameworksBuildPhase section */
		57A47BC02A94D5090062AE7C /* Frameworks */ = {
			isa = PBXFrameworksBuildPhase;
			buildActionMask = 2147483647;
			files = (
			);
			runOnlyForDeploymentPostprocessing = 0;
		};
/* End PBXFrameworksBuildPhase section */

/* Begin PBXGroup section */
		57A47BBA2A94D5090062AE7C = {
			isa = PBXGroup;
			children = (
				57E3B8382A98D82B003EAAA6 /* GlobalData.swift */,
				57A47BC52A94D5090062AE7C /* perseus */,
				57A47BC42A94D5090062AE7C /* Products */,
			);
			sourceTree = "<group>";
		};
		57A47BC42A94D5090062AE7C /* Products */ = {
			isa = PBXGroup;
			children = (
				57A47BC32A94D5090062AE7C /* perseus.app */,
			);
			name = Products;
			sourceTree = "<group>";
		};
		57A47BC52A94D5090062AE7C /* perseus */ = {
			isa = PBXGroup;
			children = (
				ECC5B4322A9E260000594CE2 /* Models */,
				ECC5B40B2A9E195C00594CE2 /* Services */,
				48DAD5F02AA21A01004C02A8 /* AddContatosView.swift */,
				4808F5682A9F66BF008F9216 /* ContatosList.swift */,
				57A47BC62A94D5090062AE7C /* perseusApp.swift */,
				574F44C72A9F7DE400DD6478 /* AddBoletimView.swift */,
				57A812262A94E19500642DF3 /* BoletinsView.swift */,
				57A47BC82A94D5090062AE7C /* ContentView.swift */,
				57A8122A2A94E1B900642DF3 /* DadosView.swift */,
				F2F9AD012A963D6C00BC8F84 /* OnboardingAView.swift */,
				F2F9AD082A97A44400BC8F84 /* OnboardingBView.swift */,
				57754E112A9775B40047C2BE /* FichaView.swift */,
				57A812282A94E1AD00642DF3 /* MedicamentosView.swift */,
				57A47BCA2A94D50A0062AE7C /* Assets.xcassets */,
				57A47BD12A94D50A0062AE7C /* perseus.xcdatamodeld */,
				57A47BCC2A94D50A0062AE7C /* Preview Content */,
				57754E132A977FB70047C2BE /* PrivacidadeView.swift */,
				4808F56A2A9F85E7008F9216 /* PDFTest.swift */,
				5760684C2A9E228E00E2F379 /* DetalheBoletimView.swift */,
			);
			path = perseus;
			sourceTree = "<group>";
		};
		57A47BCC2A94D50A0062AE7C /* Preview Content */ = {
			isa = PBXGroup;
			children = (
				57A47BCD2A94D50A0062AE7C /* Preview Assets.xcassets */,
			);
			path = "Preview Content";
			sourceTree = "<group>";
		};
		ECC5B40B2A9E195C00594CE2 /* Services */ = {
			isa = PBXGroup;
			children = (
				57A47BCF2A94D50A0062AE7C /* Persistence.swift */,
				ECC5B4052A97A6E400594CE2 /* FichaService.swift */,
				ECC5B4372A9F684B00594CE2 /* MedicamentoService.swift */,
				ECC5B43D2A9F70BF00594CE2 /* ContatoService.swift */,
				ECC5B40C2A9E1CDA00594CE2 /* BoletimService.swift */,
			);
			path = Services;
			sourceTree = "<group>";
		};
		ECC5B4322A9E260000594CE2 /* Models */ = {
			isa = PBXGroup;
			children = (
				ECC5B4392A9F702500594CE2 /* Contato+CoreDataClass.swift */,
				ECC5B43A2A9F702500594CE2 /* Contato+CoreDataProperties.swift */,
				ECC5B4332A9F672C00594CE2 /* Medicamento+CoreDataClass.swift */,
				ECC5B4342A9F672C00594CE2 /* Medicamento+CoreDataProperties.swift */,
				ECC5B40E2A9E25F100594CE2 /* Dores+CoreDataClass.swift */,
				ECC5B40F2A9E25F100594CE2 /* Dores+CoreDataProperties.swift */,
				ECC5B4102A9E25F100594CE2 /* Pressao+CoreDataClass.swift */,
				ECC5B4112A9E25F100594CE2 /* Pressao+CoreDataProperties.swift */,
				ECC5B4122A9E25F100594CE2 /* Peso+CoreDataClass.swift */,
				ECC5B4132A9E25F100594CE2 /* Peso+CoreDataProperties.swift */,
				ECC5B4142A9E25F100594CE2 /* Idoso+CoreDataClass.swift */,
				ECC5B4152A9E25F100594CE2 /* Idoso+CoreDataProperties.swift */,
				ECC5B4162A9E25F100594CE2 /* Ficha+CoreDataClass.swift */,
				ECC5B4172A9E25F100594CE2 /* Ficha+CoreDataProperties.swift */,
				ECC5B4182A9E25F100594CE2 /* Lucidez+CoreDataClass.swift */,
				ECC5B4192A9E25F100594CE2 /* Lucidez+CoreDataProperties.swift */,
				ECC5B41A2A9E25F100594CE2 /* Humor+CoreDataClass.swift */,
				ECC5B41B2A9E25F100594CE2 /* Humor+CoreDataProperties.swift */,
				ECC5B41C2A9E25F100594CE2 /* Glicemia+CoreDataClass.swift */,
				ECC5B41D2A9E25F100594CE2 /* Glicemia+CoreDataProperties.swift */,
				ECC5B41E2A9E25F100594CE2 /* Temperatura+CoreDataClass.swift */,
				ECC5B41F2A9E25F100594CE2 /* Temperatura+CoreDataProperties.swift */,
			);
			path = Models;
			sourceTree = "<group>";
		};
/* End PBXGroup section */

/* Begin PBXNativeTarget section */
		57A47BC22A94D5090062AE7C /* perseus */ = {
			isa = PBXNativeTarget;
			buildConfigurationList = 57A47BD62A94D50A0062AE7C /* Build configuration list for PBXNativeTarget "perseus" */;
			buildPhases = (
				57A47BBF2A94D5090062AE7C /* Sources */,
				57A47BC02A94D5090062AE7C /* Frameworks */,
				57A47BC12A94D5090062AE7C /* Resources */,
			);
			buildRules = (
			);
			dependencies = (
			);
			name = perseus;
			packageProductDependencies = (
			);
			productName = perseus;
			productReference = 57A47BC32A94D5090062AE7C /* perseus.app */;
			productType = "com.apple.product-type.application";
		};
/* End PBXNativeTarget section */

/* Begin PBXProject section */
		57A47BBB2A94D5090062AE7C /* Project object */ = {
			isa = PBXProject;
			attributes = {
				BuildIndependentTargetsInParallel = 1;
				LastSwiftUpdateCheck = 1430;
				LastUpgradeCheck = 1430;
				TargetAttributes = {
					57A47BC22A94D5090062AE7C = {
						CreatedOnToolsVersion = 14.3.1;
					};
				};
			};
			buildConfigurationList = 57A47BBE2A94D5090062AE7C /* Build configuration list for PBXProject "perseus" */;
			compatibilityVersion = "Xcode 14.0";
			developmentRegion = "pt-BR";
			hasScannedForEncodings = 0;
			knownRegions = (
				en,
				Base,
				"pt-BR",
			);
			mainGroup = 57A47BBA2A94D5090062AE7C;
			packageReferences = (
			);
			productRefGroup = 57A47BC42A94D5090062AE7C /* Products */;
			projectDirPath = "";
			projectRoot = "";
			targets = (
				57A47BC22A94D5090062AE7C /* perseus */,
			);
		};
/* End PBXProject section */

/* Begin PBXResourcesBuildPhase section */
		57A47BC12A94D5090062AE7C /* Resources */ = {
			isa = PBXResourcesBuildPhase;
			buildActionMask = 2147483647;
			files = (
				57A47BCE2A94D50A0062AE7C /* Preview Assets.xcassets in Resources */,
				57A47BCB2A94D50A0062AE7C /* Assets.xcassets in Resources */,
			);
			runOnlyForDeploymentPostprocessing = 0;
		};
/* End PBXResourcesBuildPhase section */

/* Begin PBXSourcesBuildPhase section */
		57A47BBF2A94D5090062AE7C /* Sources */ = {
			isa = PBXSourcesBuildPhase;
			buildActionMask = 2147483647;
			files = (
				4808F5692A9F66BF008F9216 /* ContatosList.swift in Sources */,
				F2F9AD022A963D6C00BC8F84 /* OnboardingAView.swift in Sources */,
				57754E142A977FB70047C2BE /* PrivacidadeView.swift in Sources */,
				57754E122A9775B40047C2BE /* FichaView.swift in Sources */,
				ECC5B42B2A9E25F100594CE2 /* Lucidez+CoreDataProperties.swift in Sources */,
				ECC5B4222A9E25F100594CE2 /* Pressao+CoreDataClass.swift in Sources */,
				ECC5B4202A9E25F100594CE2 /* Dores+CoreDataClass.swift in Sources */,
				ECC5B4212A9E25F100594CE2 /* Dores+CoreDataProperties.swift in Sources */,
				ECC5B4312A9E25F100594CE2 /* Temperatura+CoreDataProperties.swift in Sources */,
				ECC5B4262A9E25F100594CE2 /* Idoso+CoreDataClass.swift in Sources */,
				ECC5B43E2A9F70BF00594CE2 /* ContatoService.swift in Sources */,
				ECC5B4272A9E25F100594CE2 /* Idoso+CoreDataProperties.swift in Sources */,
				ECC5B42E2A9E25F100594CE2 /* Glicemia+CoreDataClass.swift in Sources */,
				ECC5B43C2A9F702500594CE2 /* Contato+CoreDataProperties.swift in Sources */,
				ECC5B42C2A9E25F100594CE2 /* Humor+CoreDataClass.swift in Sources */,
				ECC5B40D2A9E1CDA00594CE2 /* BoletimService.swift in Sources */,
				57A8122B2A94E1B900642DF3 /* DadosView.swift in Sources */,
				ECC5B4352A9F672C00594CE2 /* Medicamento+CoreDataClass.swift in Sources */,
				ECC5B4062A97A6E400594CE2 /* FichaService.swift in Sources */,
				48DAD5F12AA21A01004C02A8 /* AddContatosView.swift in Sources */,
				ECC5B4232A9E25F100594CE2 /* Pressao+CoreDataProperties.swift in Sources */,
				5760684D2A9E228E00E2F379 /* DetalheBoletimView.swift in Sources */,
				57A47BD02A94D50A0062AE7C /* Persistence.swift in Sources */,
				57A812272A94E19500642DF3 /* BoletinsView.swift in Sources */,
				ECC5B42F2A9E25F100594CE2 /* Glicemia+CoreDataProperties.swift in Sources */,
				ECC5B4242A9E25F100594CE2 /* Peso+CoreDataClass.swift in Sources */,
				ECC5B43B2A9F702500594CE2 /* Contato+CoreDataClass.swift in Sources */,
				ECC5B4282A9E25F100594CE2 /* Ficha+CoreDataClass.swift in Sources */,
				ECC5B42D2A9E25F100594CE2 /* Humor+CoreDataProperties.swift in Sources */,
				ECC5B4252A9E25F100594CE2 /* Peso+CoreDataProperties.swift in Sources */,
				4808F56B2A9F85E7008F9216 /* PDFTest.swift in Sources */,
				574F44C82A9F7DE400DD6478 /* AddBoletimView.swift in Sources */,
				57A47BC92A94D5090062AE7C /* ContentView.swift in Sources */,
				57E3B8392A98D82B003EAAA6 /* GlobalData.swift in Sources */,
				ECC5B4292A9E25F100594CE2 /* Ficha+CoreDataProperties.swift in Sources */,
				57A812292A94E1AD00642DF3 /* MedicamentosView.swift in Sources */,
				57A47BC72A94D5090062AE7C /* perseusApp.swift in Sources */,
				ECC5B4302A9E25F100594CE2 /* Temperatura+CoreDataClass.swift in Sources */,
				ECC5B4382A9F684B00594CE2 /* MedicamentoService.swift in Sources */,
				ECC5B4362A9F672C00594CE2 /* Medicamento+CoreDataProperties.swift in Sources */,
				57A47BD32A94D50A0062AE7C /* perseus.xcdatamodeld in Sources */,
				F2F9AD092A97A44400BC8F84 /* OnboardingBView.swift in Sources */,
				ECC5B42A2A9E25F100594CE2 /* Lucidez+CoreDataClass.swift in Sources */,
			);
			runOnlyForDeploymentPostprocessing = 0;
		};
/* End PBXSourcesBuildPhase section */

/* Begin XCBuildConfiguration section */
		57A47BD42A94D50A0062AE7C /* Debug */ = {
			isa = XCBuildConfiguration;
			buildSettings = {
				ALWAYS_SEARCH_USER_PATHS = NO;
				CLANG_ANALYZER_NONNULL = YES;
				CLANG_ANALYZER_NUMBER_OBJECT_CONVERSION = YES_AGGRESSIVE;
				CLANG_CXX_LANGUAGE_STANDARD = "gnu++20";
				CLANG_ENABLE_MODULES = YES;
				CLANG_ENABLE_OBJC_ARC = YES;
				CLANG_ENABLE_OBJC_WEAK = YES;
				CLANG_WARN_BLOCK_CAPTURE_AUTORELEASING = YES;
				CLANG_WARN_BOOL_CONVERSION = YES;
				CLANG_WARN_COMMA = YES;
				CLANG_WARN_CONSTANT_CONVERSION = YES;
				CLANG_WARN_DEPRECATED_OBJC_IMPLEMENTATIONS = YES;
				CLANG_WARN_DIRECT_OBJC_ISA_USAGE = YES_ERROR;
				CLANG_WARN_DOCUMENTATION_COMMENTS = YES;
				CLANG_WARN_EMPTY_BODY = YES;
				CLANG_WARN_ENUM_CONVERSION = YES;
				CLANG_WARN_INFINITE_RECURSION = YES;
				CLANG_WARN_INT_CONVERSION = YES;
				CLANG_WARN_NON_LITERAL_NULL_CONVERSION = YES;
				CLANG_WARN_OBJC_IMPLICIT_RETAIN_SELF = YES;
				CLANG_WARN_OBJC_LITERAL_CONVERSION = YES;
				CLANG_WARN_OBJC_ROOT_CLASS = YES_ERROR;
				CLANG_WARN_QUOTED_INCLUDE_IN_FRAMEWORK_HEADER = YES;
				CLANG_WARN_RANGE_LOOP_ANALYSIS = YES;
				CLANG_WARN_STRICT_PROTOTYPES = YES;
				CLANG_WARN_SUSPICIOUS_MOVE = YES;
				CLANG_WARN_UNGUARDED_AVAILABILITY = YES_AGGRESSIVE;
				CLANG_WARN_UNREACHABLE_CODE = YES;
				CLANG_WARN__DUPLICATE_METHOD_MATCH = YES;
				COPY_PHASE_STRIP = NO;
				DEBUG_INFORMATION_FORMAT = dwarf;
				ENABLE_STRICT_OBJC_MSGSEND = YES;
				ENABLE_TESTABILITY = YES;
				GCC_C_LANGUAGE_STANDARD = gnu11;
				GCC_DYNAMIC_NO_PIC = NO;
				GCC_NO_COMMON_BLOCKS = YES;
				GCC_OPTIMIZATION_LEVEL = 0;
				GCC_PREPROCESSOR_DEFINITIONS = (
					"DEBUG=1",
					"$(inherited)",
				);
				GCC_WARN_64_TO_32_BIT_CONVERSION = YES;
				GCC_WARN_ABOUT_RETURN_TYPE = YES_ERROR;
				GCC_WARN_UNDECLARED_SELECTOR = YES;
				GCC_WARN_UNINITIALIZED_AUTOS = YES_AGGRESSIVE;
				GCC_WARN_UNUSED_FUNCTION = YES;
				GCC_WARN_UNUSED_VARIABLE = YES;
				IPHONEOS_DEPLOYMENT_TARGET = 16.4;
				MTL_ENABLE_DEBUG_INFO = INCLUDE_SOURCE;
				MTL_FAST_MATH = YES;
				ONLY_ACTIVE_ARCH = YES;
				SDKROOT = iphoneos;
				SWIFT_ACTIVE_COMPILATION_CONDITIONS = DEBUG;
				SWIFT_OPTIMIZATION_LEVEL = "-Onone";
			};
			name = Debug;
		};
		57A47BD52A94D50A0062AE7C /* Release */ = {
			isa = XCBuildConfiguration;
			buildSettings = {
				ALWAYS_SEARCH_USER_PATHS = NO;
				CLANG_ANALYZER_NONNULL = YES;
				CLANG_ANALYZER_NUMBER_OBJECT_CONVERSION = YES_AGGRESSIVE;
				CLANG_CXX_LANGUAGE_STANDARD = "gnu++20";
				CLANG_ENABLE_MODULES = YES;
				CLANG_ENABLE_OBJC_ARC = YES;
				CLANG_ENABLE_OBJC_WEAK = YES;
				CLANG_WARN_BLOCK_CAPTURE_AUTORELEASING = YES;
				CLANG_WARN_BOOL_CONVERSION = YES;
				CLANG_WARN_COMMA = YES;
				CLANG_WARN_CONSTANT_CONVERSION = YES;
				CLANG_WARN_DEPRECATED_OBJC_IMPLEMENTATIONS = YES;
				CLANG_WARN_DIRECT_OBJC_ISA_USAGE = YES_ERROR;
				CLANG_WARN_DOCUMENTATION_COMMENTS = YES;
				CLANG_WARN_EMPTY_BODY = YES;
				CLANG_WARN_ENUM_CONVERSION = YES;
				CLANG_WARN_INFINITE_RECURSION = YES;
				CLANG_WARN_INT_CONVERSION = YES;
				CLANG_WARN_NON_LITERAL_NULL_CONVERSION = YES;
				CLANG_WARN_OBJC_IMPLICIT_RETAIN_SELF = YES;
				CLANG_WARN_OBJC_LITERAL_CONVERSION = YES;
				CLANG_WARN_OBJC_ROOT_CLASS = YES_ERROR;
				CLANG_WARN_QUOTED_INCLUDE_IN_FRAMEWORK_HEADER = YES;
				CLANG_WARN_RANGE_LOOP_ANALYSIS = YES;
				CLANG_WARN_STRICT_PROTOTYPES = YES;
				CLANG_WARN_SUSPICIOUS_MOVE = YES;
				CLANG_WARN_UNGUARDED_AVAILABILITY = YES_AGGRESSIVE;
				CLANG_WARN_UNREACHABLE_CODE = YES;
				CLANG_WARN__DUPLICATE_METHOD_MATCH = YES;
				COPY_PHASE_STRIP = NO;
				DEBUG_INFORMATION_FORMAT = "dwarf-with-dsym";
				ENABLE_NS_ASSERTIONS = NO;
				ENABLE_STRICT_OBJC_MSGSEND = YES;
				GCC_C_LANGUAGE_STANDARD = gnu11;
				GCC_NO_COMMON_BLOCKS = YES;
				GCC_WARN_64_TO_32_BIT_CONVERSION = YES;
				GCC_WARN_ABOUT_RETURN_TYPE = YES_ERROR;
				GCC_WARN_UNDECLARED_SELECTOR = YES;
				GCC_WARN_UNINITIALIZED_AUTOS = YES_AGGRESSIVE;
				GCC_WARN_UNUSED_FUNCTION = YES;
				GCC_WARN_UNUSED_VARIABLE = YES;
				IPHONEOS_DEPLOYMENT_TARGET = 16.4;
				MTL_ENABLE_DEBUG_INFO = NO;
				MTL_FAST_MATH = YES;
				SDKROOT = iphoneos;
				SWIFT_COMPILATION_MODE = wholemodule;
				SWIFT_OPTIMIZATION_LEVEL = "-O";
				VALIDATE_PRODUCT = YES;
			};
			name = Release;
		};
		57A47BD72A94D50A0062AE7C /* Debug */ = {
			isa = XCBuildConfiguration;
			buildSettings = {
				ASSETCATALOG_COMPILER_APPICON_NAME = AppIcon;
				ASSETCATALOG_COMPILER_GLOBAL_ACCENT_COLOR_NAME = Purple;
				CODE_SIGN_STYLE = Automatic;
				CURRENT_PROJECT_VERSION = 1;
				DEVELOPMENT_ASSET_PATHS = "\"perseus/Preview Content\"";
				DEVELOPMENT_TEAM = 8JTQ9M4J69;
				ENABLE_PREVIEWS = YES;
				GENERATE_INFOPLIST_FILE = YES;
				INFOPLIST_KEY_CFBundleDisplayName = "Vera Care";
				INFOPLIST_KEY_LSApplicationCategoryType = "public.app-category.healthcare-fitness";
				INFOPLIST_KEY_UIApplicationSceneManifest_Generation = YES;
				INFOPLIST_KEY_UIApplicationSupportsIndirectInputEvents = YES;
				INFOPLIST_KEY_UILaunchScreen_Generation = YES;
				INFOPLIST_KEY_UISupportedInterfaceOrientations_iPad = "UIInterfaceOrientationPortrait UIInterfaceOrientationPortraitUpsideDown UIInterfaceOrientationLandscapeLeft UIInterfaceOrientationLandscapeRight";
				INFOPLIST_KEY_UISupportedInterfaceOrientations_iPhone = "UIInterfaceOrientationPortrait UIInterfaceOrientationLandscapeLeft UIInterfaceOrientationLandscapeRight";
				LD_RUNPATH_SEARCH_PATHS = (
					"$(inherited)",
					"@executable_path/Frameworks",
				);
				MARKETING_VERSION = 1.0;
				PRODUCT_BUNDLE_IDENTIFIER = com.luanfazolin.perseus;
				PRODUCT_NAME = "$(TARGET_NAME)";
				SUPPORTED_PLATFORMS = "iphoneos iphonesimulator";
				SUPPORTS_MACCATALYST = NO;
				SUPPORTS_MAC_DESIGNED_FOR_IPHONE_IPAD = NO;
				SWIFT_EMIT_LOC_STRINGS = YES;
				SWIFT_VERSION = 5.0;
				TARGETED_DEVICE_FAMILY = 1;
			};
			name = Debug;
		};
		57A47BD82A94D50A0062AE7C /* Release */ = {
			isa = XCBuildConfiguration;
			buildSettings = {
				ASSETCATALOG_COMPILER_APPICON_NAME = AppIcon;
				ASSETCATALOG_COMPILER_GLOBAL_ACCENT_COLOR_NAME = Purple;
				CODE_SIGN_STYLE = Automatic;
				CURRENT_PROJECT_VERSION = 1;
				DEVELOPMENT_ASSET_PATHS = "\"perseus/Preview Content\"";
				DEVELOPMENT_TEAM = 8JTQ9M4J69;
				ENABLE_PREVIEWS = YES;
				GENERATE_INFOPLIST_FILE = YES;
				INFOPLIST_KEY_CFBundleDisplayName = "Vera Care";
				INFOPLIST_KEY_LSApplicationCategoryType = "public.app-category.healthcare-fitness";
				INFOPLIST_KEY_UIApplicationSceneManifest_Generation = YES;
				INFOPLIST_KEY_UIApplicationSupportsIndirectInputEvents = YES;
				INFOPLIST_KEY_UILaunchScreen_Generation = YES;
				INFOPLIST_KEY_UISupportedInterfaceOrientations_iPad = "UIInterfaceOrientationPortrait UIInterfaceOrientationPortraitUpsideDown UIInterfaceOrientationLandscapeLeft UIInterfaceOrientationLandscapeRight";
				INFOPLIST_KEY_UISupportedInterfaceOrientations_iPhone = "UIInterfaceOrientationPortrait UIInterfaceOrientationLandscapeLeft UIInterfaceOrientationLandscapeRight";
				LD_RUNPATH_SEARCH_PATHS = (
					"$(inherited)",
					"@executable_path/Frameworks",
				);
				MARKETING_VERSION = 1.0;
				PRODUCT_BUNDLE_IDENTIFIER = com.luanfazolin.perseus;
				PRODUCT_NAME = "$(TARGET_NAME)";
				SUPPORTED_PLATFORMS = "iphoneos iphonesimulator";
				SUPPORTS_MACCATALYST = NO;
				SUPPORTS_MAC_DESIGNED_FOR_IPHONE_IPAD = NO;
				SWIFT_EMIT_LOC_STRINGS = YES;
				SWIFT_VERSION = 5.0;
				TARGETED_DEVICE_FAMILY = 1;
			};
			name = Release;
		};
/* End XCBuildConfiguration section */

/* Begin XCConfigurationList section */
		57A47BBE2A94D5090062AE7C /* Build configuration list for PBXProject "perseus" */ = {
			isa = XCConfigurationList;
			buildConfigurations = (
				57A47BD42A94D50A0062AE7C /* Debug */,
				57A47BD52A94D50A0062AE7C /* Release */,
			);
			defaultConfigurationIsVisible = 0;
			defaultConfigurationName = Release;
		};
		57A47BD62A94D50A0062AE7C /* Build configuration list for PBXNativeTarget "perseus" */ = {
			isa = XCConfigurationList;
			buildConfigurations = (
				57A47BD72A94D50A0062AE7C /* Debug */,
				57A47BD82A94D50A0062AE7C /* Release */,
			);
			defaultConfigurationIsVisible = 0;
			defaultConfigurationName = Release;
		};
/* End XCConfigurationList section */

/* Begin XCVersionGroup section */
		57A47BD12A94D50A0062AE7C /* perseus.xcdatamodeld */ = {
			isa = XCVersionGroup;
			children = (
				57A47BD22A94D50A0062AE7C /* perseus.xcdatamodel */,
			);
			currentVersion = 57A47BD22A94D50A0062AE7C /* perseus.xcdatamodel */;
			path = perseus.xcdatamodeld;
			sourceTree = "<group>";
			versionGroupType = wrapper.xcdatamodel;
		};
/* End XCVersionGroup section */
	};
	rootObject = 57A47BBB2A94D5090062AE7C /* Project object */;
}
